
Microsoft Visual Studio Solution File, Format Version 12.00
# Visual Studio 15
VisualStudioVersion = 15.0.27428.1
MinimumVisualStudioVersion = 10.0.40219.1
Project("{FAE04EC0-301F-11D3-BF4B-00C04F79EFBC}") = "MSClient", "MSClient\MSClient.csproj", "{BC7EA5F0-E1A4-43E1-BA85-7F58F6E86D69}"
EndProject
Global
	GlobalSection(SolutionConfigurationPlatforms) = preSolution
		Debug|Any CPU = Debug|Any CPU
		Release|Any CPU = Release|Any CPU
	EndGlobalSection
	GlobalSection(ProjectConfigurationPlatforms) = postSolution
		{BC7EA5F0-E1A4-43E1-BA85-7F58F6E86D69}.Debug|Any CPU.ActiveCfg = Debug|Any CPU
		{BC7EA5F0-E1A4-43E1-BA85-7F58F6E86D69}.Debug|Any CPU.Build.0 = Debug|Any CPU
		{BC7EA5F0-E1A4-43E1-BA85-7F58F6E86D69}.Release|Any CPU.ActiveCfg = Release|Any CPU
		{BC7EA5F0-E1A4-43E1-BA85-7F58F6E86D69}.Release|Any CPU.Build.0 = Release|Any CPU
	EndGlobalSection
	GlobalSection(SolutionProperties) = preSolution
		HideSolutionNode = FALSE
	EndGlobalSection
	GlobalSection(ExtensibilityGlobals) = postSolution
		SolutionGuid = {EB16E4D7-EEEB-4AFA-B295-615295E475DC}
	EndGlobalSection
EndGlobal
